
Microsoft Visual Studio Solution File, Format Version 12.00
# Visual Studio Version 17
VisualStudioVersion = 17.10.35004.147
MinimumVisualStudioVersion = 10.0.40219.1
Project("{FAE04EC0-301F-11D3-BF4B-00C04F79EFBC}") = "TextGame", "TextGame\TextGame.csproj", "{33574E39-DE19-49EC-9AE5-35E3A7E7D3ED}"
EndProject
Global
	GlobalSection(SolutionConfigurationPlatforms) = preSolution
		Debug|Any CPU = Debug|Any CPU
		Release|Any CPU = Release|Any CPU
	EndGlobalSection
	GlobalSection(ProjectConfigurationPlatforms) = postSolution
		{33574E39-DE19-49EC-9AE5-35E3A7E7D3ED}.Debug|Any CPU.ActiveCfg = Debug|Any CPU
		{33574E39-DE19-49EC-9AE5-35E3A7E7D3ED}.Debug|Any CPU.Build.0 = Debug|Any CPU
		{33574E39-DE19-49EC-9AE5-35E3A7E7D3ED}.Release|Any CPU.ActiveCfg = Release|Any CPU
		{33574E39-DE19-49EC-9AE5-35E3A7E7D3ED}.Release|Any CPU.Build.0 = Release|Any CPU
	EndGlobalSection
	GlobalSection(SolutionProperties) = preSolution
		HideSolutionNode = FALSE
	EndGlobalSection
	GlobalSection(ExtensibilityGlobals) = postSolution
		SolutionGuid = {639D7C08-0EF1-48B4-8503-B60DC0E86FEE}
	EndGlobalSection
EndGlobal
